<Solution>
  <Folder Name="/ApiGateways/">
    <Project Path="src/ApiGateways/Api.Gateway/Api.Gateway.csproj" />
  </Folder>
  
  <Folder Name="/Services/Api.Inventario/">
    <Project Path="src/Services/Api.Inventario/Api.Inventario.Application/Api.Inventario.Application.csproj" />
    <Project Path="src/Services/Api.Inventario/Api.Inventario.Domain/Api.Inventario.Domain.csproj" />
    <Project Path="src/Services/Api.Inventario/Api.Inventario.Infrastructure/Api.Inventario.Infrastructure.csproj" />
    <Project Path="src/Services/Api.Inventario/Api.Inventario.WebAPI/Api.Inventario.WebAPI.csproj" />
  </Folder>
</Solution>